
Microsoft Visual Studio Solution File, Format Version 11.00
# Visual Studio 2010
Project("{8BC9CEB8-8B4A-11D0-8D11-00A0C91BC942}") = "语句", "语句\语句.vcxproj", "{96185C6B-CE7E-4E62-ADAE-D9507BD8E330}"
EndProject
Global
	GlobalSection(SolutionConfigurationPlatforms) = preSolution
		Debug|Win32 = Debug|Win32
		Release|Win32 = Release|Win32
	EndGlobalSection
	GlobalSection(ProjectConfigurationPlatforms) = postSolution
		{96185C6B-CE7E-4E62-ADAE-D9507BD8E330}.Debug|Win32.ActiveCfg = Debug|Win32
		{96185C6B-CE7E-4E62-ADAE-D9507BD8E330}.Debug|Win32.Build.0 = Debug|Win32
		{96185C6B-CE7E-4E62-ADAE-D9507BD8E330}.Release|Win32.ActiveCfg = Release|Win32
		{96185C6B-CE7E-4E62-ADAE-D9507BD8E330}.Release|Win32.Build.0 = Release|Win32
	EndGlobalSection
	GlobalSection(SolutionProperties) = preSolution
		HideSolutionNode = FALSE
	EndGlobalSection
EndGlobal
